
Microsoft Visual Studio Solution File, Format Version 12.00
# Visual Studio 2013
VisualStudioVersion = 12.0.30723.0
MinimumVisualStudioVersion = 10.0.40219.1
Project("{FAE04EC0-301F-11D3-BF4B-00C04F79EFBC}") = "WebAPITest", "WebAPITest\WebAPITest.csproj", "{C68B84FE-9927-4647-AB57-C0AAE10C8CB9}"
EndProject
Project("{FAE04EC0-301F-11D3-BF4B-00C04F79EFBC}") = "WebAPITest.Tests", "WebAPITest.Tests\WebAPITest.Tests.csproj", "{34F776B1-DF09-4A93-9A2E-17D0F657239C}"
EndProject
Project("{FAE04EC0-301F-11D3-BF4B-00C04F79EFBC}") = "OWINTest", "OWINTest\OWINTest.csproj", "{1E1DB83F-A0AF-4BFB-AABE-6C8724B94D2C}"
EndProject
Project("{FAE04EC0-301F-11D3-BF4B-00C04F79EFBC}") = "DataLayer", "DataLayer\DataLayer.csproj", "{22145651-5B62-48C9-B796-7D9F0C8C6095}"
EndProject
Global
	GlobalSection(SolutionConfigurationPlatforms) = preSolution
		Debug|Any CPU = Debug|Any CPU
		Release|Any CPU = Release|Any CPU
	EndGlobalSection
	GlobalSection(ProjectConfigurationPlatforms) = postSolution
		{C68B84FE-9927-4647-AB57-C0AAE10C8CB9}.Debug|Any CPU.ActiveCfg = Debug|Any CPU
		{C68B84FE-9927-4647-AB57-C0AAE10C8CB9}.Debug|Any CPU.Build.0 = Debug|Any CPU
		{C68B84FE-9927-4647-AB57-C0AAE10C8CB9}.Release|Any CPU.ActiveCfg = Release|Any CPU
		{C68B84FE-9927-4647-AB57-C0AAE10C8CB9}.Release|Any CPU.Build.0 = Release|Any CPU
		{34F776B1-DF09-4A93-9A2E-17D0F657239C}.Debug|Any CPU.ActiveCfg = Debug|Any CPU
		{34F776B1-DF09-4A93-9A2E-17D0F657239C}.Debug|Any CPU.Build.0 = Debug|Any CPU
		{34F776B1-DF09-4A93-9A2E-17D0F657239C}.Release|Any CPU.ActiveCfg = Release|Any CPU
		{34F776B1-DF09-4A93-9A2E-17D0F657239C}.Release|Any CPU.Build.0 = Release|Any CPU
		{1E1DB83F-A0AF-4BFB-AABE-6C8724B94D2C}.Debug|Any CPU.ActiveCfg = Debug|Any CPU
		{1E1DB83F-A0AF-4BFB-AABE-6C8724B94D2C}.Debug|Any CPU.Build.0 = Debug|Any CPU
		{1E1DB83F-A0AF-4BFB-AABE-6C8724B94D2C}.Release|Any CPU.ActiveCfg = Release|Any CPU
		{1E1DB83F-A0AF-4BFB-AABE-6C8724B94D2C}.Release|Any CPU.Build.0 = Release|Any CPU
		{22145651-5B62-48C9-B796-7D9F0C8C6095}.Debug|Any CPU.ActiveCfg = Debug|Any CPU
		{22145651-5B62-48C9-B796-7D9F0C8C6095}.Debug|Any CPU.Build.0 = Debug|Any CPU
		{22145651-5B62-48C9-B796-7D9F0C8C6095}.Release|Any CPU.ActiveCfg = Release|Any CPU
		{22145651-5B62-48C9-B796-7D9F0C8C6095}.Release|Any CPU.Build.0 = Release|Any CPU
	EndGlobalSection
	GlobalSection(SolutionProperties) = preSolution
		HideSolutionNode = FALSE
	EndGlobalSection
EndGlobal
